
Microsoft Visual Studio Solution File, Format Version 12.00
# Visual Studio 15
VisualStudioVersion = 15.0.26124.0
MinimumVisualStudioVersion = 15.0.26124.0
Project("{2150E333-8FDC-42A3-9474-1A3956D46DE8}") = "src", "src", "{6912E567-A249-4F0C-A85D-E1B1EFFACB6A}"
EndProject
Project("{F2A71F9B-5D33-465A-A702-920D77279786}") = "Library", "src\Library\Library.fsproj", "{910C6EF7-14DB-4C11-983C-2651FF5759DC}"
EndProject
Project("{F2A71F9B-5D33-465A-A702-920D77279786}") = "App", "src\App\App.fsproj", "{B490AF19-9641-496F-876B-89EDC8BD538C}"
EndProject
Global
	GlobalSection(SolutionConfigurationPlatforms) = preSolution
		Debug|Any CPU = Debug|Any CPU
		Debug|x64 = Debug|x64
		Debug|x86 = Debug|x86
		Release|Any CPU = Release|Any CPU
		Release|x64 = Release|x64
		Release|x86 = Release|x86
	EndGlobalSection
	GlobalSection(SolutionProperties) = preSolution
		HideSolutionNode = FALSE
	EndGlobalSection
	GlobalSection(ProjectConfigurationPlatforms) = postSolution
		{910C6EF7-14DB-4C11-983C-2651FF5759DC}.Debug|Any CPU.ActiveCfg = Debug|Any CPU
		{910C6EF7-14DB-4C11-983C-2651FF5759DC}.Debug|Any CPU.Build.0 = Debug|Any CPU
		{910C6EF7-14DB-4C11-983C-2651FF5759DC}.Debug|x64.ActiveCfg = Debug|Any CPU
		{910C6EF7-14DB-4C11-983C-2651FF5759DC}.Debug|x64.Build.0 = Debug|Any CPU
		{910C6EF7-14DB-4C11-983C-2651FF5759DC}.Debug|x86.ActiveCfg = Debug|Any CPU
		{910C6EF7-14DB-4C11-983C-2651FF5759DC}.Debug|x86.Build.0 = Debug|Any CPU
		{910C6EF7-14DB-4C11-983C-2651FF5759DC}.Release|Any CPU.ActiveCfg = Release|Any CPU
		{910C6EF7-14DB-4C11-983C-2651FF5759DC}.Release|Any CPU.Build.0 = Release|Any CPU
		{910C6EF7-14DB-4C11-983C-2651FF5759DC}.Release|x64.ActiveCfg = Release|Any CPU
		{910C6EF7-14DB-4C11-983C-2651FF5759DC}.Release|x64.Build.0 = Release|Any CPU
		{910C6EF7-14DB-4C11-983C-2651FF5759DC}.Release|x86.ActiveCfg = Release|Any CPU
		{910C6EF7-14DB-4C11-983C-2651FF5759DC}.Release|x86.Build.0 = Release|Any CPU
		{B490AF19-9641-496F-876B-89EDC8BD538C}.Debug|Any CPU.ActiveCfg = Debug|Any CPU
		{B490AF19-9641-496F-876B-89EDC8BD538C}.Debug|Any CPU.Build.0 = Debug|Any CPU
		{B490AF19-9641-496F-876B-89EDC8BD538C}.Debug|x64.ActiveCfg = Debug|Any CPU
		{B490AF19-9641-496F-876B-89EDC8BD538C}.Debug|x64.Build.0 = Debug|Any CPU
		{B490AF19-9641-496F-876B-89EDC8BD538C}.Debug|x86.ActiveCfg = Debug|Any CPU
		{B490AF19-9641-496F-876B-89EDC8BD538C}.Debug|x86.Build.0 = Debug|Any CPU
		{B490AF19-9641-496F-876B-89EDC8BD538C}.Release|Any CPU.ActiveCfg = Release|Any CPU
		{B490AF19-9641-496F-876B-89EDC8BD538C}.Release|Any CPU.Build.0 = Release|Any CPU
		{B490AF19-9641-496F-876B-89EDC8BD538C}.Release|x64.ActiveCfg = Release|Any CPU
		{B490AF19-9641-496F-876B-89EDC8BD538C}.Release|x64.Build.0 = Release|Any CPU
		{B490AF19-9641-496F-876B-89EDC8BD538C}.Release|x86.ActiveCfg = Release|Any CPU
		{B490AF19-9641-496F-876B-89EDC8BD538C}.Release|x86.Build.0 = Release|Any CPU
	EndGlobalSection
	GlobalSection(NestedProjects) = preSolution
		{910C6EF7-14DB-4C11-983C-2651FF5759DC} = {6912E567-A249-4F0C-A85D-E1B1EFFACB6A}
		{B490AF19-9641-496F-876B-89EDC8BD538C} = {6912E567-A249-4F0C-A85D-E1B1EFFACB6A}
	EndGlobalSection
EndGlobal
