
Microsoft Visual Studio Solution File, Format Version 12.00
# Visual Studio 15
VisualStudioVersion = 15.0.26124.0
MinimumVisualStudioVersion = 15.0.26124.0
Project("{2150E333-8FDC-42A3-9474-1A3956D46DE8}") = "src", "src", "{16AF157D-4D70-4480-BBC8-F0A1ABBC8C8F}"
EndProject
Project("{F2A71F9B-5D33-465A-A702-920D77279786}") = "App", "src\App\App.fsproj", "{72A30097-2620-48A7-8188-60FD8C853F50}"
EndProject
Global
	GlobalSection(SolutionConfigurationPlatforms) = preSolution
		Debug|Any CPU = Debug|Any CPU
		Release|Any CPU = Release|Any CPU
	EndGlobalSection
	GlobalSection(SolutionProperties) = preSolution
		HideSolutionNode = FALSE
	EndGlobalSection
	GlobalSection(ProjectConfigurationPlatforms) = postSolution
		{72A30097-2620-48A7-8188-60FD8C853F50}.Debug|Any CPU.ActiveCfg = Debug|Any CPU
		{72A30097-2620-48A7-8188-60FD8C853F50}.Debug|Any CPU.Build.0 = Debug|Any CPU
		{72A30097-2620-48A7-8188-60FD8C853F50}.Release|Any CPU.ActiveCfg = Release|Any CPU
		{72A30097-2620-48A7-8188-60FD8C853F50}.Release|Any CPU.Build.0 = Release|Any CPU
	EndGlobalSection
	GlobalSection(NestedProjects) = preSolution
		{72A30097-2620-48A7-8188-60FD8C853F50} = {16AF157D-4D70-4480-BBC8-F0A1ABBC8C8F}
	EndGlobalSection
EndGlobal
